
Microsoft Visual Studio Solution File, Format Version 12.00
# Visual Studio 15
VisualStudioVersion = 15.0.28307.421
MinimumVisualStudioVersion = 10.0.40219.1
Project("{FAE04EC0-301F-11D3-BF4B-00C04F79EFBC}") = "pan2api", "pan2api\pan2api.csproj", "{CC01184E-E25E-41F9-B0FD-0039D5854A09}"
EndProject
Global
	GlobalSection(SolutionConfigurationPlatforms) = preSolution
		Debug|Any CPU = Debug|Any CPU
		Release|Any CPU = Release|Any CPU
	EndGlobalSection
	GlobalSection(ProjectConfigurationPlatforms) = postSolution
		{CC01184E-E25E-41F9-B0FD-0039D5854A09}.Debug|Any CPU.ActiveCfg = Debug|Any CPU
		{CC01184E-E25E-41F9-B0FD-0039D5854A09}.Debug|Any CPU.Build.0 = Debug|Any CPU
		{CC01184E-E25E-41F9-B0FD-0039D5854A09}.Release|Any CPU.ActiveCfg = Release|Any CPU
		{CC01184E-E25E-41F9-B0FD-0039D5854A09}.Release|Any CPU.Build.0 = Release|Any CPU
	EndGlobalSection
	GlobalSection(SolutionProperties) = preSolution
		HideSolutionNode = FALSE
	EndGlobalSection
	GlobalSection(ExtensibilityGlobals) = postSolution
		SolutionGuid = {D98EADC8-DF80-4465-A6AD-DD94B0127BE6}
	EndGlobalSection
EndGlobal
